
Microsoft Visual Studio Solution File, Format Version 12.00
# Visual Studio Version 17
VisualStudioVersion = 17.11.35312.102
MinimumVisualStudioVersion = 10.0.40219.1
Project("{9A19103F-16F7-4668-BE54-9A1E7A4F7556}") = "recipe book as udemi By LINQ", "recipe book as udemi By LINQ.csproj", "{78BE2339-F403-47CF-A900-71E2656B2C57}"
EndProject
Global
	GlobalSection(SolutionConfigurationPlatforms) = preSolution
		Debug|Any CPU = Debug|Any CPU
		Release|Any CPU = Release|Any CPU
	EndGlobalSection
	GlobalSection(ProjectConfigurationPlatforms) = postSolution
		{78BE2339-F403-47CF-A900-71E2656B2C57}.Debug|Any CPU.ActiveCfg = Debug|Any CPU
		{78BE2339-F403-47CF-A900-71E2656B2C57}.Debug|Any CPU.Build.0 = Debug|Any CPU
		{78BE2339-F403-47CF-A900-71E2656B2C57}.Release|Any CPU.ActiveCfg = Release|Any CPU
		{78BE2339-F403-47CF-A900-71E2656B2C57}.Release|Any CPU.Build.0 = Release|Any CPU
	EndGlobalSection
	GlobalSection(SolutionProperties) = preSolution
		HideSolutionNode = FALSE
	EndGlobalSection
	GlobalSection(ExtensibilityGlobals) = postSolution
		SolutionGuid = {98AEDB61-9AEA-42B7-95FC-D38FA2B6CAA6}
	EndGlobalSection
EndGlobal
